// !$*UTF8*$!
{
	archiveVersion = 1;
	classes = {
	};
	objectVersion = 55;
	objects = {

/* Begin PBXBuildFile section */
		6A47649E27F73DED00E647F0 /* ARViewContainer.swift in Sources */ = {isa = PBXBuildFile; fileRef = 6A47649D27F73DED00E647F0 /* ARViewContainer.swift */; };
		6A483565281408A3004196C0 /* FirebaseStorageHelper.swift in Sources */ = {isa = PBXBuildFile; fileRef = 6A483564281408A3004196C0 /* FirebaseStorageHelper.swift */; };
		6A52538B2813F52D0036C61B /* FirebaseAuth in Frameworks */ = {isa = PBXBuildFile; productRef = 6A52538A2813F52D0036C61B /* FirebaseAuth */; };
		6A52538D2813F52D0036C61B /* FirebaseFirestore in Frameworks */ = {isa = PBXBuildFile; productRef = 6A52538C2813F52D0036C61B /* FirebaseFirestore */; };
		6A52538F2813F52D0036C61B /* FirebaseFirestoreSwift-Beta in Frameworks */ = {isa = PBXBuildFile; productRef = 6A52538E2813F52D0036C61B /* FirebaseFirestoreSwift-Beta */; };
		6A5253912813F52D0036C61B /* FirebaseStorage in Frameworks */ = {isa = PBXBuildFile; productRef = 6A5253902813F52D0036C61B /* FirebaseStorage */; };
		6A5253932813F52D0036C61B /* FirebaseStorageSwift-Beta in Frameworks */ = {isa = PBXBuildFile; productRef = 6A5253922813F52D0036C61B /* FirebaseStorageSwift-Beta */; };
		6A5253952813F5F30036C61B /* GoogleService-Info.plist in Resources */ = {isa = PBXBuildFile; fileRef = 6A5253942813F5F30036C61B /* GoogleService-Info.plist */; };
		6A525397281401540036C61B /* ModelViewModel.swift in Sources */ = {isa = PBXBuildFile; fileRef = 6A525396281401540036C61B /* ModelViewModel.swift */; };
		6A5F0A2F27F1A7FF003BB7C5 /* ControlView.swift in Sources */ = {isa = PBXBuildFile; fileRef = 6A5F0A2E27F1A7FF003BB7C5 /* ControlView.swift */; };
		6A5F0A3127F1C717003BB7C5 /* BrowseView.swift in Sources */ = {isa = PBXBuildFile; fileRef = 6A5F0A3027F1C717003BB7C5 /* BrowseView.swift */; };
		6A5F0A3327F1D060003BB7C5 /* AssetsModel.swift in Sources */ = {isa = PBXBuildFile; fileRef = 6A5F0A3227F1D060003BB7C5 /* AssetsModel.swift */; };
		6AACEA18280EA90600C69A59 /* FocusEntity in Frameworks */ = {isa = PBXBuildFile; productRef = 6AACEA17280EA90600C69A59 /* FocusEntity */; };
		6AB9319327F0F308003F5E40 /* AppDelegate.swift in Sources */ = {isa = PBXBuildFile; fileRef = 6AB9319227F0F308003F5E40 /* AppDelegate.swift */; };
		6AB9319527F0F308003F5E40 /* ContentView.swift in Sources */ = {isa = PBXBuildFile; fileRef = 6AB9319427F0F308003F5E40 /* ContentView.swift */; };
		6AB9319927F0F309003F5E40 /* Assets.xcassets in Resources */ = {isa = PBXBuildFile; fileRef = 6AB9319827F0F309003F5E40 /* Assets.xcassets */; };
		6AB9319C27F0F309003F5E40 /* Preview Assets.xcassets in Resources */ = {isa = PBXBuildFile; fileRef = 6AB9319B27F0F309003F5E40 /* Preview Assets.xcassets */; };
		6AD1005927F463D100026F8F /* DeletionManager.swift in Sources */ = {isa = PBXBuildFile; fileRef = 6AD1005827F463D100026F8F /* DeletionManager.swift */; };
		6AD1005B27F46AAB00026F8F /* DeletionView.swift in Sources */ = {isa = PBXBuildFile; fileRef = 6AD1005A27F46AAB00026F8F /* DeletionView.swift */; };
		6AFDE87D27F30BCE0010D3D0 /* PlacementSettings.swift in Sources */ = {isa = PBXBuildFile; fileRef = 6AFDE87C27F30BCE0010D3D0 /* PlacementSettings.swift */; };
		6AFDE89927F30F4C0010D3D0 /* PlacementView.swift in Sources */ = {isa = PBXBuildFile; fileRef = 6AFDE89827F30F4C0010D3D0 /* PlacementView.swift */; };
		6AFDE89E27F319D70010D3D0 /* CustomARView.swift in Sources */ = {isa = PBXBuildFile; fileRef = 6AFDE89D27F319D70010D3D0 /* CustomARView.swift */; };
		6AFDE8A027F3238F0010D3D0 /* SessionSettings.swift in Sources */ = {isa = PBXBuildFile; fileRef = 6AFDE89F27F3238F0010D3D0 /* SessionSettings.swift */; };
		6AFDE8A227F326120010D3D0 /* SettingsView.swift in Sources */ = {isa = PBXBuildFile; fileRef = 6AFDE8A127F326120010D3D0 /* SettingsView.swift */; };
		6AFDE8A427F330AA0010D3D0 /* AppSettings.swift in Sources */ = {isa = PBXBuildFile; fileRef = 6AFDE8A327F330AA0010D3D0 /* AppSettings.swift */; };
/* End PBXBuildFile section */

/* Begin PBXFileReference section */
		6A47649D27F73DED00E647F0 /* ARViewContainer.swift */ = {isa = PBXFileReference; lastKnownFileType = sourcecode.swift; path = ARViewContainer.swift; sourceTree = "<group>"; };
		6A483564281408A3004196C0 /* FirebaseStorageHelper.swift */ = {isa = PBXFileReference; lastKnownFileType = sourcecode.swift; path = FirebaseStorageHelper.swift; sourceTree = "<group>"; };
		6A5253942813F5F30036C61B /* GoogleService-Info.plist */ = {isa = PBXFileReference; fileEncoding = 4; lastKnownFileType = text.plist.xml; path = "GoogleService-Info.plist"; sourceTree = "<group>"; };
		6A525396281401540036C61B /* ModelViewModel.swift */ = {isa = PBXFileReference; lastKnownFileType = sourcecode.swift; path = ModelViewModel.swift; sourceTree = "<group>"; };
		6A5F0A2E27F1A7FF003BB7C5 /* ControlView.swift */ = {isa = PBXFileReference; lastKnownFileType = sourcecode.swift; path = ControlView.swift; sourceTree = "<group>"; };
		6A5F0A3027F1C717003BB7C5 /* BrowseView.swift */ = {isa = PBXFileReference; lastKnownFileType = sourcecode.swift; path = BrowseView.swift; sourceTree = "<group>"; };
		6A5F0A3227F1D060003BB7C5 /* AssetsModel.swift */ = {isa = PBXFileReference; lastKnownFileType = sourcecode.swift; path = AssetsModel.swift; sourceTree = "<group>"; };
		6AB9318F27F0F308003F5E40 /* RealityPlacer V2.app */ = {isa = PBXFileReference; explicitFileType = wrapper.application; includeInIndex = 0; path = "RealityPlacer V2.app"; sourceTree = BUILT_PRODUCTS_DIR; };
		6AB9319227F0F308003F5E40 /* AppDelegate.swift */ = {isa = PBXFileReference; lastKnownFileType = sourcecode.swift; path = AppDelegate.swift; sourceTree = "<group>"; };
		6AB9319427F0F308003F5E40 /* ContentView.swift */ = {isa = PBXFileReference; lastKnownFileType = sourcecode.swift; path = ContentView.swift; sourceTree = "<group>"; };
		6AB9319827F0F309003F5E40 /* Assets.xcassets */ = {isa = PBXFileReference; lastKnownFileType = folder.assetcatalog; path = Assets.xcassets; sourceTree = "<group>"; };
		6AB9319B27F0F309003F5E40 /* Preview Assets.xcassets */ = {isa = PBXFileReference; lastKnownFileType = folder.assetcatalog; path = "Preview Assets.xcassets"; sourceTree = "<group>"; };
		6AB931A227F0F432003F5E40 /* RealityPlacer-V2-Info.plist */ = {isa = PBXFileReference; lastKnownFileType = text.plist; path = "RealityPlacer-V2-Info.plist"; sourceTree = SOURCE_ROOT; };
		6AD1005827F463D100026F8F /* DeletionManager.swift */ = {isa = PBXFileReference; lastKnownFileType = sourcecode.swift; path = DeletionManager.swift; sourceTree = "<group>"; };
		6AD1005A27F46AAB00026F8F /* DeletionView.swift */ = {isa = PBXFileReference; lastKnownFileType = sourcecode.swift; path = DeletionView.swift; sourceTree = "<group>"; };
		6AFDE87C27F30BCE0010D3D0 /* PlacementSettings.swift */ = {isa = PBXFileReference; lastKnownFileType = sourcecode.swift; path = PlacementSettings.swift; sourceTree = "<group>"; };
		6AFDE89827F30F4C0010D3D0 /* PlacementView.swift */ = {isa = PBXFileReference; lastKnownFileType = sourcecode.swift; path = PlacementView.swift; sourceTree = "<group>"; };
		6AFDE89D27F319D70010D3D0 /* CustomARView.swift */ = {isa = PBXFileReference; lastKnownFileType = sourcecode.swift; path = CustomARView.swift; sourceTree = "<group>"; };
		6AFDE89F27F3238F0010D3D0 /* SessionSettings.swift */ = {isa = PBXFileReference; lastKnownFileType = sourcecode.swift; path = SessionSettings.swift; sourceTree = "<group>"; };
		6AFDE8A127F326120010D3D0 /* SettingsView.swift */ = {isa = PBXFileReference; lastKnownFileType = sourcecode.swift; path = SettingsView.swift; sourceTree = "<group>"; };
		6AFDE8A327F330AA0010D3D0 /* AppSettings.swift */ = {isa = PBXFileReference; lastKnownFileType = sourcecode.swift; path = AppSettings.swift; sourceTree = "<group>"; };
/* End PBXFileReference section */

/* Begin PBXFrameworksBuildPhase section */
		6AB9318C27F0F308003F5E40 /* Frameworks */ = {
			isa = PBXFrameworksBuildPhase;
			buildActionMask = 2147483647;
			files = (
				6AACEA18280EA90600C69A59 /* FocusEntity in Frameworks */,
				6A52538F2813F52D0036C61B /* FirebaseFirestoreSwift-Beta in Frameworks */,
				6A52538B2813F52D0036C61B /* FirebaseAuth in Frameworks */,
				6A5253912813F52D0036C61B /* FirebaseStorage in Frameworks */,
				6A52538D2813F52D0036C61B /* FirebaseFirestore in Frameworks */,
				6A5253932813F52D0036C61B /* FirebaseStorageSwift-Beta in Frameworks */,
			);
			runOnlyForDeploymentPostprocessing = 0;
		};
/* End PBXFrameworksBuildPhase section */

/* Begin PBXGroup section */
		6A71EEB927F1F4E8005B7AC9 /* Views */ = {
			isa = PBXGroup;
			children = (
				6AB9319427F0F308003F5E40 /* ContentView.swift */,
				6A5F0A2E27F1A7FF003BB7C5 /* ControlView.swift */,
				6A5F0A3027F1C717003BB7C5 /* BrowseView.swift */,
				6AFDE89827F30F4C0010D3D0 /* PlacementView.swift */,
				6AFDE8A127F326120010D3D0 /* SettingsView.swift */,
				6AD1005A27F46AAB00026F8F /* DeletionView.swift */,
				6AFDE89D27F319D70010D3D0 /* CustomARView.swift */,
				6A47649D27F73DED00E647F0 /* ARViewContainer.swift */,
			);
			path = Views;
			sourceTree = "<group>";
		};
		6A71EEBA27F1F4FC005B7AC9 /* Model */ = {
			isa = PBXGroup;
			children = (
				6A5F0A3227F1D060003BB7C5 /* AssetsModel.swift */,
				6AFDE87C27F30BCE0010D3D0 /* PlacementSettings.swift */,
				6AFDE89F27F3238F0010D3D0 /* SessionSettings.swift */,
				6AFDE8A327F330AA0010D3D0 /* AppSettings.swift */,
			);
			path = Model;
			sourceTree = "<group>";
		};
		6AB9318627F0F308003F5E40 = {
			isa = PBXGroup;
			children = (
				6AB9319127F0F308003F5E40 /* RealityPlacer V2 */,
				6AB9319027F0F308003F5E40 /* Products */,
			);
			sourceTree = "<group>";
		};
		6AB9319027F0F308003F5E40 /* Products */ = {
			isa = PBXGroup;
			children = (
				6AB9318F27F0F308003F5E40 /* RealityPlacer V2.app */,
			);
			name = Products;
			sourceTree = "<group>";
		};
		6AB9319127F0F308003F5E40 /* RealityPlacer V2 */ = {
			isa = PBXGroup;
			children = (
				6AB9319227F0F308003F5E40 /* AppDelegate.swift */,
				6AD1005727F463C000026F8F /* ViewModel */,
				6A71EEBA27F1F4FC005B7AC9 /* Model */,
				6A71EEB927F1F4E8005B7AC9 /* Views */,
				6AB9319827F0F309003F5E40 /* Assets.xcassets */,
				6A5253942813F5F30036C61B /* GoogleService-Info.plist */,
				6AB931A227F0F432003F5E40 /* RealityPlacer-V2-Info.plist */,
				6AB9319A27F0F309003F5E40 /* Preview Content */,
			);
			path = "RealityPlacer V2";
			sourceTree = "<group>";
		};
		6AB9319A27F0F309003F5E40 /* Preview Content */ = {
			isa = PBXGroup;
			children = (
				6AB9319B27F0F309003F5E40 /* Preview Assets.xcassets */,
			);
			path = "Preview Content";
			sourceTree = "<group>";
		};
		6AD1005727F463C000026F8F /* ViewModel */ = {
			isa = PBXGroup;
			children = (
				6A483564281408A3004196C0 /* FirebaseStorageHelper.swift */,
				6A525396281401540036C61B /* ModelViewModel.swift */,
				6AD1005827F463D100026F8F /* DeletionManager.swift */,
			);
			path = ViewModel;
			sourceTree = "<group>";
		};
/* End PBXGroup section */

/* Begin PBXNativeTarget section */
		6AB9318E27F0F308003F5E40 /* RealityPlacer V2 */ = {
			isa = PBXNativeTarget;
			buildConfigurationList = 6AB9319F27F0F309003F5E40 /* Build configuration list for PBXNativeTarget "RealityPlacer V2" */;
			buildPhases = (
				6AB9318B27F0F308003F5E40 /* Sources */,
				6AB9318C27F0F308003F5E40 /* Frameworks */,
				6AB9318D27F0F308003F5E40 /* Resources */,
			);
			buildRules = (
			);
			dependencies = (
			);
			name = "RealityPlacer V2";
			packageProductDependencies = (
				6AACEA17280EA90600C69A59 /* FocusEntity */,
				6A52538A2813F52D0036C61B /* FirebaseAuth */,
				6A52538C2813F52D0036C61B /* FirebaseFirestore */,
				6A52538E2813F52D0036C61B /* FirebaseFirestoreSwift-Beta */,
				6A5253902813F52D0036C61B /* FirebaseStorage */,
				6A5253922813F52D0036C61B /* FirebaseStorageSwift-Beta */,
			);
			productName = "RealityPlacer V2";
			productReference = 6AB9318F27F0F308003F5E40 /* RealityPlacer V2.app */;
			productType = "com.apple.product-type.application";
		};
/* End PBXNativeTarget section */

/* Begin PBXProject section */
		6AB9318727F0F308003F5E40 /* Project object */ = {
			isa = PBXProject;
			attributes = {
				BuildIndependentTargetsInParallel = 1;
				LastSwiftUpdateCheck = 1330;
				LastUpgradeCheck = 1330;
				TargetAttributes = {
					6AB9318E27F0F308003F5E40 = {
						CreatedOnToolsVersion = 13.3;
					};
				};
			};
			buildConfigurationList = 6AB9318A27F0F308003F5E40 /* Build configuration list for PBXProject "RealityPlacer V2" */;
			compatibilityVersion = "Xcode 13.0";
			developmentRegion = en;
			hasScannedForEncodings = 0;
			knownRegions = (
				en,
				Base,
			);
			mainGroup = 6AB9318627F0F308003F5E40;
			packageReferences = (
				6AACEA16280EA90600C69A59 /* XCRemoteSwiftPackageReference "FocusEntity" */,
				6A5253892813F52D0036C61B /* XCRemoteSwiftPackageReference "firebase-ios-sdk" */,
			);
			productRefGroup = 6AB9319027F0F308003F5E40 /* Products */;
			projectDirPath = "";
			projectRoot = "";
			targets = (
				6AB9318E27F0F308003F5E40 /* RealityPlacer V2 */,
			);
		};
/* End PBXProject section */

/* Begin PBXResourcesBuildPhase section */
		6AB9318D27F0F308003F5E40 /* Resources */ = {
			isa = PBXResourcesBuildPhase;
			buildActionMask = 2147483647;
			files = (
				6AB9319C27F0F309003F5E40 /* Preview Assets.xcassets in Resources */,
				6AB9319927F0F309003F5E40 /* Assets.xcassets in Resources */,
				6A5253952813F5F30036C61B /* GoogleService-Info.plist in Resources */,
			);
			runOnlyForDeploymentPostprocessing = 0;
		};
/* End PBXResourcesBuildPhase section */

/* Begin PBXSourcesBuildPhase section */
		6AB9318B27F0F308003F5E40 /* Sources */ = {
			isa = PBXSourcesBuildPhase;
			buildActionMask = 2147483647;
			files = (
				6A5F0A3327F1D060003BB7C5 /* AssetsModel.swift in Sources */,
				6AFDE8A427F330AA0010D3D0 /* AppSettings.swift in Sources */,
				6A5F0A2F27F1A7FF003BB7C5 /* ControlView.swift in Sources */,
				6AFDE87D27F30BCE0010D3D0 /* PlacementSettings.swift in Sources */,
				6AFDE89927F30F4C0010D3D0 /* PlacementView.swift in Sources */,
				6A47649E27F73DED00E647F0 /* ARViewContainer.swift in Sources */,
				6AFDE8A027F3238F0010D3D0 /* SessionSettings.swift in Sources */,
				6A525397281401540036C61B /* ModelViewModel.swift in Sources */,
				6AB9319527F0F308003F5E40 /* ContentView.swift in Sources */,
				6A5F0A3127F1C717003BB7C5 /* BrowseView.swift in Sources */,
				6AB9319327F0F308003F5E40 /* AppDelegate.swift in Sources */,
				6AFDE89E27F319D70010D3D0 /* CustomARView.swift in Sources */,
				6AD1005B27F46AAB00026F8F /* DeletionView.swift in Sources */,
				6A483565281408A3004196C0 /* FirebaseStorageHelper.swift in Sources */,
				6AD1005927F463D100026F8F /* DeletionManager.swift in Sources */,
				6AFDE8A227F326120010D3D0 /* SettingsView.swift in Sources */,
			);
			runOnlyForDeploymentPostprocessing = 0;
		};
/* End PBXSourcesBuildPhase section */

/* Begin XCBuildConfiguration section */
		6AB9319D27F0F309003F5E40 /* Debug */ = {
			isa = XCBuildConfiguration;
			buildSettings = {
				ALWAYS_SEARCH_USER_PATHS = NO;
				CLANG_ANALYZER_NONNULL = YES;
				CLANG_ANALYZER_NUMBER_OBJECT_CONVERSION = YES_AGGRESSIVE;
				CLANG_CXX_LANGUAGE_STANDARD = "gnu++17";
				CLANG_ENABLE_MODULES = YES;
				CLANG_ENABLE_OBJC_ARC = YES;
				CLANG_ENABLE_OBJC_WEAK = YES;
				CLANG_WARN_BLOCK_CAPTURE_AUTORELEASING = YES;
				CLANG_WARN_BOOL_CONVERSION = YES;
				CLANG_WARN_COMMA = YES;
				CLANG_WARN_CONSTANT_CONVERSION = YES;
				CLANG_WARN_DEPRECATED_OBJC_IMPLEMENTATIONS = YES;
				CLANG_WARN_DIRECT_OBJC_ISA_USAGE = YES_ERROR;
				CLANG_WARN_DOCUMENTATION_COMMENTS = YES;
				CLANG_WARN_EMPTY_BODY = YES;
				CLANG_WARN_ENUM_CONVERSION = YES;
				CLANG_WARN_INFINITE_RECURSION = YES;
				CLANG_WARN_INT_CONVERSION = YES;
				CLANG_WARN_NON_LITERAL_NULL_CONVERSION = YES;
				CLANG_WARN_OBJC_IMPLICIT_RETAIN_SELF = YES;
				CLANG_WARN_OBJC_LITERAL_CONVERSION = YES;
				CLANG_WARN_OBJC_ROOT_CLASS = YES_ERROR;
				CLANG_WARN_QUOTED_INCLUDE_IN_FRAMEWORK_HEADER = YES;
				CLANG_WARN_RANGE_LOOP_ANALYSIS = YES;
				CLANG_WARN_STRICT_PROTOTYPES = YES;
				CLANG_WARN_SUSPICIOUS_MOVE = YES;
				CLANG_WARN_UNGUARDED_AVAILABILITY = YES_AGGRESSIVE;
				CLANG_WARN_UNREACHABLE_CODE = YES;
				CLANG_WARN__DUPLICATE_METHOD_MATCH = YES;
				COPY_PHASE_STRIP = NO;
				DEBUG_INFORMATION_FORMAT = dwarf;
				ENABLE_STRICT_OBJC_MSGSEND = YES;
				ENABLE_TESTABILITY = YES;
				GCC_C_LANGUAGE_STANDARD = gnu11;
				GCC_DYNAMIC_NO_PIC = NO;
				GCC_NO_COMMON_BLOCKS = YES;
				GCC_OPTIMIZATION_LEVEL = 0;
				GCC_PREPROCESSOR_DEFINITIONS = (
					"DEBUG=1",
					"$(inherited)",
				);
				GCC_WARN_64_TO_32_BIT_CONVERSION = YES;
				GCC_WARN_ABOUT_RETURN_TYPE = YES_ERROR;
				GCC_WARN_UNDECLARED_SELECTOR = YES;
				GCC_WARN_UNINITIALIZED_AUTOS = YES_AGGRESSIVE;
				GCC_WARN_UNUSED_FUNCTION = YES;
				GCC_WARN_UNUSED_VARIABLE = YES;
				IPHONEOS_DEPLOYMENT_TARGET = 15.4;
				MTL_ENABLE_DEBUG_INFO = INCLUDE_SOURCE;
				MTL_FAST_MATH = YES;
				ONLY_ACTIVE_ARCH = YES;
				SDKROOT = iphoneos;
				SWIFT_ACTIVE_COMPILATION_CONDITIONS = DEBUG;
				SWIFT_OPTIMIZATION_LEVEL = "-Onone";
			};
			name = Debug;
		};
		6AB9319E27F0F309003F5E40 /* Release */ = {
			isa = XCBuildConfiguration;
			buildSettings = {
				ALWAYS_SEARCH_USER_PATHS = NO;
				CLANG_ANALYZER_NONNULL = YES;
				CLANG_ANALYZER_NUMBER_OBJECT_CONVERSION = YES_AGGRESSIVE;
				CLANG_CXX_LANGUAGE_STANDARD = "gnu++17";
				CLANG_ENABLE_MODULES = YES;
				CLANG_ENABLE_OBJC_ARC = YES;
				CLANG_ENABLE_OBJC_WEAK = YES;
				CLANG_WARN_BLOCK_CAPTURE_AUTORELEASING = YES;
				CLANG_WARN_BOOL_CONVERSION = YES;
				CLANG_WARN_COMMA = YES;
				CLANG_WARN_CONSTANT_CONVERSION = YES;
				CLANG_WARN_DEPRECATED_OBJC_IMPLEMENTATIONS = YES;
				CLANG_WARN_DIRECT_OBJC_ISA_USAGE = YES_ERROR;
				CLANG_WARN_DOCUMENTATION_COMMENTS = YES;
				CLANG_WARN_EMPTY_BODY = YES;
				CLANG_WARN_ENUM_CONVERSION = YES;
				CLANG_WARN_INFINITE_RECURSION = YES;
				CLANG_WARN_INT_CONVERSION = YES;
				CLANG_WARN_NON_LITERAL_NULL_CONVERSION = YES;
				CLANG_WARN_OBJC_IMPLICIT_RETAIN_SELF = YES;
				CLANG_WARN_OBJC_LITERAL_CONVERSION = YES;
				CLANG_WARN_OBJC_ROOT_CLASS = YES_ERROR;
				CLANG_WARN_QUOTED_INCLUDE_IN_FRAMEWORK_HEADER = YES;
				CLANG_WARN_RANGE_LOOP_ANALYSIS = YES;
				CLANG_WARN_STRICT_PROTOTYPES = YES;
				CLANG_WARN_SUSPICIOUS_MOVE = YES;
				CLANG_WARN_UNGUARDED_AVAILABILITY = YES_AGGRESSIVE;
				CLANG_WARN_UNREACHABLE_CODE = YES;
				CLANG_WARN__DUPLICATE_METHOD_MATCH = YES;
				COPY_PHASE_STRIP = NO;
				DEBUG_INFORMATION_FORMAT = "dwarf-with-dsym";
				ENABLE_NS_ASSERTIONS = NO;
				ENABLE_STRICT_OBJC_MSGSEND = YES;
				GCC_C_LANGUAGE_STANDARD = gnu11;
				GCC_NO_COMMON_BLOCKS = YES;
				GCC_WARN_64_TO_32_BIT_CONVERSION = YES;
				GCC_WARN_ABOUT_RETURN_TYPE = YES_ERROR;
				GCC_WARN_UNDECLARED_SELECTOR = YES;
				GCC_WARN_UNINITIALIZED_AUTOS = YES_AGGRESSIVE;
				GCC_WARN_UNUSED_FUNCTION = YES;
				GCC_WARN_UNUSED_VARIABLE = YES;
				IPHONEOS_DEPLOYMENT_TARGET = 15.4;
				MTL_ENABLE_DEBUG_INFO = NO;
				MTL_FAST_MATH = YES;
				SDKROOT = iphoneos;
				SWIFT_COMPILATION_MODE = wholemodule;
				SWIFT_OPTIMIZATION_LEVEL = "-O";
				VALIDATE_PRODUCT = YES;
			};
			name = Release;
		};
		6AB931A027F0F309003F5E40 /* Debug */ = {
			isa = XCBuildConfiguration;
			buildSettings = {
				ASSETCATALOG_COMPILER_APPICON_NAME = AppIcon;
				ASSETCATALOG_COMPILER_GLOBAL_ACCENT_COLOR_NAME = AccentColor;
				CODE_SIGN_STYLE = Automatic;
				CURRENT_PROJECT_VERSION = 1;
				DEVELOPMENT_ASSET_PATHS = "\"RealityPlacer V2/Preview Content\"";
				DEVELOPMENT_TEAM = HG5H24J47G;
				ENABLE_PREVIEWS = YES;
				GENERATE_INFOPLIST_FILE = YES;
				INFOPLIST_FILE = "RealityPlacer-V2-Info.plist";
				INFOPLIST_KEY_NSCameraUsageDescription = "Well its an AR app bruh";
				INFOPLIST_KEY_UIApplicationSupportsIndirectInputEvents = YES;
				INFOPLIST_KEY_UILaunchScreen_Generation = YES;
				INFOPLIST_KEY_UIRequiredDeviceCapabilities = arkit;
				INFOPLIST_KEY_UIStatusBarHidden = YES;
				INFOPLIST_KEY_UISupportedInterfaceOrientations_iPad = "UIInterfaceOrientationPortrait UIInterfaceOrientationPortraitUpsideDown UIInterfaceOrientationLandscapeLeft UIInterfaceOrientationLandscapeRight";
				INFOPLIST_KEY_UISupportedInterfaceOrientations_iPhone = "UIInterfaceOrientationPortrait UIInterfaceOrientationLandscapeLeft UIInterfaceOrientationLandscapeRight";
				LD_RUNPATH_SEARCH_PATHS = (
					"$(inherited)",
					"@executable_path/Frameworks",
				);
				MARKETING_VERSION = 1.0;
				PRODUCT_BUNDLE_IDENTIFIER = "com.arnavsinghal.RealityPlacer-V2";
				PRODUCT_NAME = "$(TARGET_NAME)";
				SWIFT_EMIT_LOC_STRINGS = YES;
				SWIFT_VERSION = 5.0;
				TARGETED_DEVICE_FAMILY = "1,2";
			};
			name = Debug;
		};
		6AB931A127F0F309003F5E40 /* Release */ = {
			isa = XCBuildConfiguration;
			buildSettings = {
				ASSETCATALOG_COMPILER_APPICON_NAME = AppIcon;
				ASSETCATALOG_COMPILER_GLOBAL_ACCENT_COLOR_NAME = AccentColor;
				CODE_SIGN_STYLE = Automatic;
				CURRENT_PROJECT_VERSION = 1;
				DEVELOPMENT_ASSET_PATHS = "\"RealityPlacer V2/Preview Content\"";
				DEVELOPMENT_TEAM = HG5H24J47G;
				ENABLE_PREVIEWS = YES;
				GENERATE_INFOPLIST_FILE = YES;
				INFOPLIST_FILE = "RealityPlacer-V2-Info.plist";
				INFOPLIST_KEY_NSCameraUsageDescription = "Well its an AR app bruh";
				INFOPLIST_KEY_UIApplicationSupportsIndirectInputEvents = YES;
				INFOPLIST_KEY_UILaunchScreen_Generation = YES;
				INFOPLIST_KEY_UIRequiredDeviceCapabilities = arkit;
				INFOPLIST_KEY_UIStatusBarHidden = YES;
				INFOPLIST_KEY_UISupportedInterfaceOrientations_iPad = "UIInterfaceOrientationPortrait UIInterfaceOrientationPortraitUpsideDown UIInterfaceOrientationLandscapeLeft UIInterfaceOrientationLandscapeRight";
				INFOPLIST_KEY_UISupportedInterfaceOrientations_iPhone = "UIInterfaceOrientationPortrait UIInterfaceOrientationLandscapeLeft UIInterfaceOrientationLandscapeRight";
				LD_RUNPATH_SEARCH_PATHS = (
					"$(inherited)",
					"@executable_path/Frameworks",
				);
				MARKETING_VERSION = 1.0;
				PRODUCT_BUNDLE_IDENTIFIER = "com.arnavsinghal.RealityPlacer-V2";
				PRODUCT_NAME = "$(TARGET_NAME)";
				SWIFT_EMIT_LOC_STRINGS = YES;
				SWIFT_VERSION = 5.0;
				TARGETED_DEVICE_FAMILY = "1,2";
			};
			name = Release;
		};
/* End XCBuildConfiguration section */

/* Begin XCConfigurationList section */
		6AB9318A27F0F308003F5E40 /* Build configuration list for PBXProject "RealityPlacer V2" */ = {
			isa = XCConfigurationList;
			buildConfigurations = (
				6AB9319D27F0F309003F5E40 /* Debug */,
				6AB9319E27F0F309003F5E40 /* Release */,
			);
			defaultConfigurationIsVisible = 0;
			defaultConfigurationName = Release;
		};
		6AB9319F27F0F309003F5E40 /* Build configuration list for PBXNativeTarget "RealityPlacer V2" */ = {
			isa = XCConfigurationList;
			buildConfigurations = (
				6AB931A027F0F309003F5E40 /* Debug */,
				6AB931A127F0F309003F5E40 /* Release */,
			);
			defaultConfigurationIsVisible = 0;
			defaultConfigurationName = Release;
		};
/* End XCConfigurationList section */

/* Begin XCRemoteSwiftPackageReference section */
		6A5253892813F52D0036C61B /* XCRemoteSwiftPackageReference "firebase-ios-sdk" */ = {
			isa = XCRemoteSwiftPackageReference;
			repositoryURL = "https://github.com/firebase/firebase-ios-sdk";
			requirement = {
				kind = upToNextMajorVersion;
				minimumVersion = 8.0.0;
			};
		};
		6AACEA16280EA90600C69A59 /* XCRemoteSwiftPackageReference "FocusEntity" */ = {
			isa = XCRemoteSwiftPackageReference;
			repositoryURL = "https://github.com/maxxfrazer/FocusEntity";
			requirement = {
				branch = main;
				kind = branch;
			};
		};
/* End XCRemoteSwiftPackageReference section */

/* Begin XCSwiftPackageProductDependency section */
		6A52538A2813F52D0036C61B /* FirebaseAuth */ = {
			isa = XCSwiftPackageProductDependency;
			package = 6A5253892813F52D0036C61B /* XCRemoteSwiftPackageReference "firebase-ios-sdk" */;
			productName = FirebaseAuth;
		};
		6A52538C2813F52D0036C61B /* FirebaseFirestore */ = {
			isa = XCSwiftPackageProductDependency;
			package = 6A5253892813F52D0036C61B /* XCRemoteSwiftPackageReference "firebase-ios-sdk" */;
			productName = FirebaseFirestore;
		};
		6A52538E2813F52D0036C61B /* FirebaseFirestoreSwift-Beta */ = {
			isa = XCSwiftPackageProductDependency;
			package = 6A5253892813F52D0036C61B /* XCRemoteSwiftPackageReference "firebase-ios-sdk" */;
			productName = "FirebaseFirestoreSwift-Beta";
		};
		6A5253902813F52D0036C61B /* FirebaseStorage */ = {
			isa = XCSwiftPackageProductDependency;
			package = 6A5253892813F52D0036C61B /* XCRemoteSwiftPackageReference "firebase-ios-sdk" */;
			productName = FirebaseStorage;
		};
		6A5253922813F52D0036C61B /* FirebaseStorageSwift-Beta */ = {
			isa = XCSwiftPackageProductDependency;
			package = 6A5253892813F52D0036C61B /* XCRemoteSwiftPackageReference "firebase-ios-sdk" */;
			productName = "FirebaseStorageSwift-Beta";
		};
		6AACEA17280EA90600C69A59 /* FocusEntity */ = {
			isa = XCSwiftPackageProductDependency;
			package = 6AACEA16280EA90600C69A59 /* XCRemoteSwiftPackageReference "FocusEntity" */;
			productName = FocusEntity;
		};
/* End XCSwiftPackageProductDependency section */
	};
	rootObject = 6AB9318727F0F308003F5E40 /* Project object */;
}
